{
  "name": "ng-annotate-webpack-plugin-patched",
  "version": "0.0.1",
  "lockfileVersion": 2,
  "requires": true,
  "packages": {
    "": {
      "name": "ng-annotate-webpack-plugin-patched",
      "version": "0.0.1",
      "license": "MIT",
      "dependencies": {
        "ng-annotate-patched": "^1.14.1",
        "webpack-core": "^0.6.5"
      }
    },
    "node_modules/acorn": {
      "version": "8.7.0",
      "resolved": "http://nexus.toulouse.sqli.com/repository/npm-all/acorn/-/acorn-8.7.0.tgz",
      "integrity": "sha512-V/LGr1APy+PXIwKebEWrkZPwoeoF+w1jiOBUmuxuiUIaOHtob8Qc9BTrYo7VuI5fR8tqsy+buA2WFooR5olqvQ==",
      "license": "MIT",
      "bin": {
        "acorn": "bin/acorn"
      },
      "engines": {
        "node": ">=0.4.0"
      }
    },
    "node_modules/acorn-walk": {
      "version": "8.2.0",
      "resolved": "http://nexus.toulouse.sqli.com/repository/npm-all/acorn-walk/-/acorn-walk-8.2.0.tgz",
      "integrity": "sha512-k+iyHEuPgSw6SbuDpGQM+06HQUa04DZ3o+F6CSzXMvvI5KMvnaEqXe+YVe555R9nn6GPt404fos4wcgpw12SDA==",
      "license": "MIT",
      "engines": {
        "node": ">=0.4.0"
      }
    },
    "node_modules/amdefine": {
      "version": "1.0.1",
      "resolved": "http://nexus.toulouse.sqli.com/repository/npm-all/amdefine/-/amdefine-1.0.1.tgz",
      "integrity": "sha1-SlKCrBZHKek2Gbz9OtFR+BfOkfU=",
      "license": "BSD-3-Clause OR MIT",
      "engines": {
        "node": ">=0.4.2"
      }
    },
    "node_modules/commander": {
      "version": "9.1.0",
      "resolved": "http://nexus.toulouse.sqli.com/repository/npm-all/commander/-/commander-9.1.0.tgz",
      "integrity": "sha512-i0/MaqBtdbnJ4XQs4Pmyb+oFQl+q0lsAmokVUH92SlSw4fkeAcG3bVon+Qt7hmtF+u3Het6o4VgrcY3qAoEB6w==",
      "license": "MIT",
      "engines": {
        "node": "^12.20.0 || >=14"
      }
    },
    "node_modules/convert-source-map": {
      "version": "1.8.0",
      "resolved": "http://nexus.toulouse.sqli.com/repository/npm-all/convert-source-map/-/convert-source-map-1.8.0.tgz",
      "integrity": "sha512-+OQdjP49zViI/6i7nIJpA8rAl4sV/JdPfU9nZs3VqOwGIgizICvuN2ru6fMd+4llL0tar18UYJXfZ/TWtmhUjA==",
      "license": "MIT",
      "dependencies": {
        "safe-buffer": "~5.1.1"
      }
    },
    "node_modules/ng-annotate-patched": {
      "version": "1.14.1",
      "resolved": "http://nexus.toulouse.sqli.com/repository/npm-all/ng-annotate-patched/-/ng-annotate-patched-1.14.1.tgz",
      "integrity": "sha512-lg9aDMd5HI8qbIhhbU7B1C1s4MGiAbQNhiD9RNzbfl0DxX8TP5HXWPjP7SPYwRb6AXMgnWAnbc4HhOnXEEZ7DA==",
      "license": "MIT",
      "dependencies": {
        "acorn": "^8.7.0",
        "acorn-walk": "^8.2.0",
        "commander": "^6.0.0 || ^7.0.0 || ^8.0.0 || ^9.0.0",
        "convert-source-map": "^1.7.0",
        "source-map": "^0.6.1"
      },
      "bin": {
        "ng-annotate-patched": "ng-annotate"
      }
    },
    "node_modules/safe-buffer": {
      "version": "5.1.2",
      "resolved": "http://nexus.toulouse.sqli.com/repository/npm-all/safe-buffer/-/safe-buffer-5.1.2.tgz",
      "integrity": "sha512-Gd2UZBJDkXlY7GbJxfsE8/nvKkUEU1G38c1siN6QP6a9PT9MmHB8GnpscSmMJSoF8LOIrt8ud/wPtojys4G6+g==",
      "license": "MIT"
    },
    "node_modules/source-list-map": {
      "version": "0.1.8",
      "resolved": "http://nexus.toulouse.sqli.com/repository/npm-all/source-list-map/-/source-list-map-0.1.8.tgz",
      "integrity": "sha1-xVCyq1Qn9rPyH1r+rYjE9Vh7IQY=",
      "license": "MIT"
    },
    "node_modules/source-map": {
      "version": "0.6.1",
      "resolved": "http://nexus.toulouse.sqli.com/repository/npm-all/source-map/-/source-map-0.6.1.tgz",
      "integrity": "sha512-UjgapumWlbMhkBgzT7Ykc5YXUT46F0iKu8SGXq0bcwP5dz/h0Plj6enJqjz1Zbq2l5WaqYnrVbwWOWMyF3F47g==",
      "license": "BSD-3-Clause",
      "engines": {
        "node": ">=0.10.0"
      }
    },
    "node_modules/webpack-core": {
      "version": "0.6.9",
      "resolved": "http://nexus.toulouse.sqli.com/repository/npm-all/webpack-core/-/webpack-core-0.6.9.tgz",
      "integrity": "sha1-/FcViMhVjad76e+23r3Fo7FyvcI=",
      "dependencies": {
        "source-list-map": "~0.1.7",
        "source-map": "~0.4.1"
      },
      "engines": {
        "node": ">=0.6"
      }
    },
    "node_modules/webpack-core/node_modules/source-map": {
      "version": "0.4.4",
      "resolved": "http://nexus.toulouse.sqli.com/repository/npm-all/source-map/-/source-map-0.4.4.tgz",
      "integrity": "sha1-66T12pwNyZneaAMti092FzZSA2s=",
      "license": "BSD-3-Clause",
      "dependencies": {
        "amdefine": ">=0.0.4"
      },
      "engines": {
        "node": ">=0.8.0"
      }
    }
  },
  "dependencies": {
    "acorn": {
      "version": "8.7.0",
      "resolved": "http://nexus.toulouse.sqli.com/repository/npm-all/acorn/-/acorn-8.7.0.tgz",
      "integrity": "sha512-V/LGr1APy+PXIwKebEWrkZPwoeoF+w1jiOBUmuxuiUIaOHtob8Qc9BTrYo7VuI5fR8tqsy+buA2WFooR5olqvQ=="
    },
    "acorn-walk": {
      "version": "8.2.0",
      "resolved": "http://nexus.toulouse.sqli.com/repository/npm-all/acorn-walk/-/acorn-walk-8.2.0.tgz",
      "integrity": "sha512-k+iyHEuPgSw6SbuDpGQM+06HQUa04DZ3o+F6CSzXMvvI5KMvnaEqXe+YVe555R9nn6GPt404fos4wcgpw12SDA=="
    },
    "amdefine": {
      "version": "1.0.1",
      "resolved": "http://nexus.toulouse.sqli.com/repository/npm-all/amdefine/-/amdefine-1.0.1.tgz",
      "integrity": "sha1-SlKCrBZHKek2Gbz9OtFR+BfOkfU="
    },
    "commander": {
      "version": "9.1.0",
      "resolved": "http://nexus.toulouse.sqli.com/repository/npm-all/commander/-/commander-9.1.0.tgz",
      "integrity": "sha512-i0/MaqBtdbnJ4XQs4Pmyb+oFQl+q0lsAmokVUH92SlSw4fkeAcG3bVon+Qt7hmtF+u3Het6o4VgrcY3qAoEB6w=="
    },
    "convert-source-map": {
      "version": "1.8.0",
      "resolved": "http://nexus.toulouse.sqli.com/repository/npm-all/convert-source-map/-/convert-source-map-1.8.0.tgz",
      "integrity": "sha512-+OQdjP49zViI/6i7nIJpA8rAl4sV/JdPfU9nZs3VqOwGIgizICvuN2ru6fMd+4llL0tar18UYJXfZ/TWtmhUjA==",
      "requires": {
        "safe-buffer": "~5.1.1"
      }
    },
    "ng-annotate-patched": {
      "version": "1.14.1",
      "resolved": "http://nexus.toulouse.sqli.com/repository/npm-all/ng-annotate-patched/-/ng-annotate-patched-1.14.1.tgz",
      "integrity": "sha512-lg9aDMd5HI8qbIhhbU7B1C1s4MGiAbQNhiD9RNzbfl0DxX8TP5HXWPjP7SPYwRb6AXMgnWAnbc4HhOnXEEZ7DA==",
      "requires": {
        "acorn": "^8.7.0",
        "acorn-walk": "^8.2.0",
        "commander": "^6.0.0 || ^7.0.0 || ^8.0.0 || ^9.0.0",
        "convert-source-map": "^1.7.0",
        "source-map": "^0.6.1"
      }
    },
    "safe-buffer": {
      "version": "5.1.2",
      "resolved": "http://nexus.toulouse.sqli.com/repository/npm-all/safe-buffer/-/safe-buffer-5.1.2.tgz",
      "integrity": "sha512-Gd2UZBJDkXlY7GbJxfsE8/nvKkUEU1G38c1siN6QP6a9PT9MmHB8GnpscSmMJSoF8LOIrt8ud/wPtojys4G6+g=="
    },
    "source-list-map": {
      "version": "0.1.8",
      "resolved": "http://nexus.toulouse.sqli.com/repository/npm-all/source-list-map/-/source-list-map-0.1.8.tgz",
      "integrity": "sha1-xVCyq1Qn9rPyH1r+rYjE9Vh7IQY="
    },
    "source-map": {
      "version": "0.6.1",
      "resolved": "http://nexus.toulouse.sqli.com/repository/npm-all/source-map/-/source-map-0.6.1.tgz",
      "integrity": "sha512-UjgapumWlbMhkBgzT7Ykc5YXUT46F0iKu8SGXq0bcwP5dz/h0Plj6enJqjz1Zbq2l5WaqYnrVbwWOWMyF3F47g=="
    },
    "webpack-core": {
      "version": "0.6.9",
      "resolved": "http://nexus.toulouse.sqli.com/repository/npm-all/webpack-core/-/webpack-core-0.6.9.tgz",
      "integrity": "sha1-/FcViMhVjad76e+23r3Fo7FyvcI=",
      "requires": {
        "source-list-map": "~0.1.7",
        "source-map": "~0.4.1"
      },
      "dependencies": {
        "source-map": {
          "version": "0.4.4",
          "resolved": "http://nexus.toulouse.sqli.com/repository/npm-all/source-map/-/source-map-0.4.4.tgz",
          "integrity": "sha1-66T12pwNyZneaAMti092FzZSA2s=",
          "requires": {
            "amdefine": ">=0.0.4"
          }
        }
      }
    }
  }
}
